// !$*UTF8*$!
{
	archiveVersion = 1;
	classes = {
	};
	objectVersion = 56;
	objects = {

/* Begin PBXBuildFile section */
		A1B2C3D4E5F6G7H8I9J0K1L2 /* MGLinkerApp.swift in Sources */ = {isa = PBXBuildFile; fileRef = A1B2C3D4E5F6G7H8I9J0K1L3 /* MGLinkerApp.swift */; };
		A1B2C3D4E5F6G7H8I9J0K1L4 /* MainTabView.swift in Sources */ = {isa = PBXBuildFile; fileRef = A1B2C3D4E5F6G7H8I9J0K1L5 /* MainTabView.swift */; };
		A1B2C3D4E5F6G7H8I9J0K1L6 /* VehicleModels.swift in Sources */ = {isa = PBXBuildFile; fileRef = A1B2C3D4E5F6G7H8I9J0K1L7 /* VehicleModels.swift */; };
		A1B2C3D4E5F6G7H8I9J0K1L8 /* APIService.swift in Sources */ = {isa = PBXBuildFile; fileRef = A1B2C3D4E5F6G7H8I9J0K1L9 /* APIService.swift */; };
		A1B2C3D4E5F6G7H8I9J0K1M0 /* VehicleManager.swift in Sources */ = {isa = PBXBuildFile; fileRef = A1B2C3D4E5F6G7H8I9J0K1M1 /* VehicleManager.swift */; };
		A1B2C3D4E5F6G7H8I9J0K1M2 /* BluetoothManager.swift in Sources */ = {isa = PBXBuildFile; fileRef = A1B2C3D4E5F6G7H8I9J0K1M3 /* BluetoothManager.swift */; };
		A1B2C3D4E5F6G7H8I9J0K1M4 /* VehicleWidget.swift in Sources */ = {isa = PBXBuildFile; fileRef = A1B2C3D4E5F6G7H8I9J0K1M5 /* VehicleWidget.swift */; };
		A1B2C3D4E5F6G7H8I9J0K1M6 /* LiveActivityData.swift in Sources */ = {isa = PBXBuildFile; fileRef = A1B2C3D4E5F6G7H8I9J0K1M7 /* LiveActivityData.swift */; };
/* End PBXBuildFile section */

/* Begin PBXFileReference section */
		A1B2C3D4E5F6G7H8I9J0K1L3 /* MGLinkerApp.swift */ = {isa = PBXFileReference; lastKnownFileType = sourcecode.swift; path = MGLinkerApp.swift; sourceTree = "<group>"; };
		A1B2C3D4E5F6G7H8I9J0K1L5 /* MainTabView.swift */ = {isa = PBXFileReference; lastKnownFileType = sourcecode.swift; path = MainTabView.swift; sourceTree = "<group>"; };
		A1B2C3D4E5F6G7H8I9J0K1L7 /* VehicleModels.swift */ = {isa = PBXFileReference; lastKnownFileType = sourcecode.swift; path = VehicleModels.swift; sourceTree = "<group>"; };
		A1B2C3D4E5F6G7H8I9J0K1L9 /* APIService.swift */ = {isa = PBXFileReference; lastKnownFileType = sourcecode.swift; path = APIService.swift; sourceTree = "<group>"; };
		A1B2C3D4E5F6G7H8I9J0K1M1 /* VehicleManager.swift */ = {isa = PBXFileReference; lastKnownFileType = sourcecode.swift; path = VehicleManager.swift; sourceTree = "<group>"; };
		A1B2C3D4E5F6G7H8I9J0K1M3 /* BluetoothManager.swift */ = {isa = PBXFileReference; lastKnownFileType = sourcecode.swift; path = BluetoothManager.swift; sourceTree = "<group>"; };
		A1B2C3D4E5F6G7H8I9J0K1M5 /* VehicleWidget.swift */ = {isa = PBXFileReference; lastKnownFileType = sourcecode.swift; path = VehicleWidget.swift; sourceTree = "<group>"; };
		A1B2C3D4E5F6G7H8I9J0K1M7 /* LiveActivityData.swift */ = {isa = PBXFileReference; lastKnownFileType = sourcecode.swift; path = LiveActivityData.swift; sourceTree = "<group>"; };
		A1B2C3D4E5F6G7H8I9J0K1M9 /* Info.plist */ = {isa = PBXFileReference; lastKnownFileType = text.plist.xml; path = Info.plist; sourceTree = "<group>"; };
		A1B2C3D4E5F6G7H8I9J0K1N0 /* Info.plist */ = {isa = PBXFileReference; lastKnownFileType = text.plist.xml; path = Info.plist; sourceTree = "<group>"; };
		A1B2C3D4E5F6G7H8I9J0K1N1 /* Info.plist */ = {isa = PBXFileReference; lastKnownFileType = text.plist.xml; path = Info.plist; sourceTree = "<group>"; };
/* End PBXFileReference section */

/* Begin PBXFrameworksBuildPhase section */
		A1B2C3D4E5F6G7H8I9J0K1N2 /* Frameworks */ = {
			isa = PBXFrameworksBuildPhase;
			buildActionMask = 2147483647;
			files = (
			);
			runOnlyForDeploymentPostprocessing = 0;
		};
		A1B2C3D4E5F6G7H8I9J0K1N3 /* Frameworks */ = {
			isa = PBXFrameworksBuildPhase;
			buildActionMask = 2147483647;
			files = (
			);
			runOnlyForDeploymentPostprocessing = 0;
		};
		A1B2C3D4E5F6G7H8I9J0K1N4 /* Frameworks */ = {
			isa = PBXFrameworksBuildPhase;
			buildActionMask = 2147483647;
			files = (
			);
			runOnlyForDeploymentPostprocessing = 0;
		};
/* End PBXFrameworksBuildPhase section */

/* Begin PBXGroup section */
		A1B2C3D4E5F6G7H8I9J0K1N5 = {
			isa = PBXGroup;
			children = (
				A1B2C3D4E5F6G7H8I9J0K1N6 /* MGLinker */,
				A1B2C3D4E5F6G7H8I9J0K1N7 /* MGLinkerWidget */,
				A1B2C3D4E5F6G7H8I9J0K1N8 /* MGLinkerLiveActivity */,
			);
			sourceTree = "<group>";
		};
		A1B2C3D4E5F6G7H8I9J0K1N6 /* MGLinker */ = {
			isa = PBXGroup;
			children = (
				A1B2C3D4E5F6G7H8I9J0K1N9 /* App */,
				A1B2C3D4E5F6G7H8I9J0K1O0 /* Models */,
				A1B2C3D4E5F6G7H8I9J0K1O1 /* Views */,
				A1B2C3D4E5F6G7H8I9J0K1O2 /* ViewModels */,
				A1B2C3D4E5F6G7H8I9J0K1O3 /* Services */,
				A1B2C3D4E5F6G7H8I9J0K1O4 /* Extensions */,
				A1B2C3D4E5F6G7H8I9J0K1O5 /* Resources */,
			);
			path = MGLinker;
			sourceTree = "<group>";
		};
		A1B2C3D4E5F6G7H8I9J0K1N9 /* App */ = {
			isa = PBXGroup;
			children = (
				A1B2C3D4E5F6G7H8I9J0K1L3 /* MGLinkerApp.swift */,
				A1B2C3D4E5F6G7H8I9J0K1M9 /* Info.plist */,
			);
			path = App;
			sourceTree = "<group>";
		};
		A1B2C3D4E5F6G7H8I9J0K1O0 /* Models */ = {
			isa = PBXGroup;
			children = (
				A1B2C3D4E5F6G7H8I9J0K1L7 /* VehicleModels.swift */,
			);
			path = Models;
			sourceTree = "<group>";
		};
		A1B2C3D4E5F6G7H8I9J0K1O1 /* Views */ = {
			isa = PBXGroup;
			children = (
				A1B2C3D4E5F6G7H8I9J0K1L5 /* MainTabView.swift */,
			);
			path = Views;
			sourceTree = "<group>";
		};
		A1B2C3D4E5F6G7H8I9J0K1O2 /* ViewModels */ = {
			isa = PBXGroup;
			children = (
				A1B2C3D4E5F6G7H8I9J0K1M1 /* VehicleManager.swift */,
			);
			path = ViewModels;
			sourceTree = "<group>";
		};
		A1B2C3D4E5F6G7H8I9J0K1O3 /* Services */ = {
			isa = PBXGroup;
			children = (
				A1B2C3D4E5F6G7H8I9J0K1L9 /* APIService.swift */,
				A1B2C3D4E5F6G7H8I9J0K1M3 /* BluetoothManager.swift */,
			);
			path = Services;
			sourceTree = "<group>";
		};
		A1B2C3D4E5F6G7H8I9J0K1O4 /* Extensions */ = {
			isa = PBXGroup;
			children = (
			);
			path = Extensions;
			sourceTree = "<group>";
		};
		A1B2C3D4E5F6G7H8I9J0K1O5 /* Resources */ = {
			isa = PBXGroup;
			children = (
			);
			path = Resources;
			sourceTree = "<group>";
		};
		A1B2C3D4E5F6G7H8I9J0K1N7 /* MGLinkerWidget */ = {
			isa = PBXGroup;
			children = (
				A1B2C3D4E5F6G7H8I9J0K1M5 /* VehicleWidget.swift */,
				A1B2C3D4E5F6G7H8I9J0K1N0 /* Info.plist */,
			);
			path = MGLinkerWidget;
			sourceTree = "<group>";
		};
		A1B2C3D4E5F6G7H8I9J0K1N8 /* MGLinkerLiveActivity */ = {
			isa = PBXGroup;
			children = (
				A1B2C3D4E5F6G7H8I9J0K1M7 /* LiveActivityData.swift */,
				A1B2C3D4E5F6G7H8I9J0K1N1 /* Info.plist */,
			);
			path = MGLinkerLiveActivity;
			sourceTree = "<group>";
		};
/* End PBXGroup section */

/* Begin PBXNativeTarget section */
		A1B2C3D4E5F6G7H8I9J0K1O6 /* MGLinker */ = {
			isa = PBXNativeTarget;
			buildConfigurationList = A1B2C3D4E5F6G7H8I9J0K1O7 /* Build configuration list for PBXNativeTarget "MGLinker" */;
			buildPhases = (
				A1B2C3D4E5F6G7H8I9J0K1O8 /* Sources */,
				A1B2C3D4E5F6G7H8I9J0K1N2 /* Frameworks */,
				A1B2C3D4E5F6G7H8I9J0K1O9 /* Resources */,
			);
			buildRules = (
			);
			dependencies = (
			);
			name = MGLinker;
			productName = MGLinker;
			productReference = A1B2C3D4E5F6G7H8I9J0K1P0 /* MGLinker.app */;
			productType = "com.apple.product-type.application";
		};
		A1B2C3D4E5F6G7H8I9J0K1P1 /* MGLinkerWidget */ = {
			isa = PBXNativeTarget;
			buildConfigurationList = A1B2C3D4E5F6G7H8I9J0K1P2 /* Build configuration list for PBXNativeTarget "MGLinkerWidget" */;
			buildPhases = (
				A1B2C3D4E5F6G7H8I9J0K1P3 /* Sources */,
				A1B2C3D4E5F6G7H8I9J0K1N3 /* Frameworks */,
				A1B2C3D4E5F6G7H8I9J0K1P4 /* Resources */,
			);
			buildRules = (
			);
			dependencies = (
				A1B2C3D4E5F6G7H8I9J0K1P5 /* PBXTargetDependency */,
			);
			name = MGLinkerWidget;
			productName = MGLinkerWidget;
			productReference = A1B2C3D4E5F6G7H8I9J0K1P6 /* MGLinkerWidget.appex */;
			productType = "com.apple.product-type.app-extension";
		};
		A1B2C3D4E5F6G7H8I9J0K1P7 /* MGLinkerLiveActivity */ = {
			isa = PBXNativeTarget;
			buildConfigurationList = A1B2C3D4E5F6G7H8I9J0K1P8 /* Build configuration list for PBXNativeTarget "MGLinkerLiveActivity" */;
			buildPhases = (
				A1B2C3D4E5F6G7H8I9J0K1P9 /* Sources */,
				A1B2C3D4E5F6G7H8I9J0K1N4 /* Frameworks */,
				A1B2C3D4E5F6G7H8I9J0K1Q0 /* Resources */,
			);
			buildRules = (
			);
			dependencies = (
				A1B2C3D4E5F6G7H8I9J0K1Q1 /* PBXTargetDependency */,
			);
			name = MGLinkerLiveActivity;
			productName = MGLinkerLiveActivity;
			productReference = A1B2C3D4E5F6G7H8I9J0K1Q2 /* MGLinkerLiveActivity.appex */;
			productType = "com.apple.product-type.app-extension";
		};
/* End PBXNativeTarget section */

/* Begin PBXProject section */
		A1B2C3D4E5F6G7H8I9J0K1Q3 /* Project object */ = {
			isa = PBXProject;
			attributes = {
				BuildIndependentTargetsInParallel = 1;
				LastSwiftUpdateCheck = 1500;
				LastUpgradeCheck = 1500;
				TargetAttributes = {
					A1B2C3D4E5F6G7H8I9J0K1O6 = {
						CreatedOnToolsVersion = 15.0;
					};
					A1B2C3D4E5F6G7H8I9J0K1P1 = {
						CreatedOnToolsVersion = 15.0;
					};
					A1B2C3D4E5F6G7H8I9J0K1P7 = {
						CreatedOnToolsVersion = 15.0;
					};
				};
			};
			buildConfigurationList = A1B2C3D4E5F6G7H8I9J0K1Q4 /* Build configuration list for PBXProject "MGLinker" */;
			compatibilityVersion = "Xcode 14.0";
			developmentRegion = en;
			hasScannedForEncodings = 0;
			knownRegions = (
				en,
				Base,
				zh-Hans,
			);
			mainGroup = A1B2C3D4E5F6G7H8I9J0K1N5;
			productRefGroup = A1B2C3D4E5F6G7H8I9J0K1N5;
			projectDirPath = "";
			projectRoot = "";
			targets = (
				A1B2C3D4E5F6G7H8I9J0K1O6 /* MGLinker */,
				A1B2C3D4E5F6G7H8I9J0K1P1 /* MGLinkerWidget */,
				A1B2C3D4E5F6G7H8I9J0K1P7 /* MGLinkerLiveActivity */,
			);
		};
/* End PBXProject section */

/* Begin PBXResourcesBuildPhase section */
		A1B2C3D4E5F6G7H8I9J0K1O9 /* Resources */ = {
			isa = PBXResourcesBuildPhase;
			buildActionMask = 2147483647;
			files = (
			);
			runOnlyForDeploymentPostprocessing = 0;
		};
		A1B2C3D4E5F6G7H8I9J0K1P4 /* Resources */ = {
			isa = PBXResourcesBuildPhase;
			buildActionMask = 2147483647;
			files = (
			);
			runOnlyForDeploymentPostprocessing = 0;
		};
		A1B2C3D4E5F6G7H8I9J0K1Q0 /* Resources */ = {
			isa = PBXResourcesBuildPhase;
			buildActionMask = 2147483647;
			files = (
			);
			runOnlyForDeploymentPostprocessing = 0;
		};
/* End PBXResourcesBuildPhase section */

/* Begin PBXSourcesBuildPhase section */
		A1B2C3D4E5F6G7H8I9J0K1O8 /* Sources */ = {
			isa = PBXSourcesBuildPhase;
			buildActionMask = 2147483647;
			files = (
				A1B2C3D4E5F6G7H8I9J0K1L4 /* MainTabView.swift in Sources */,
				A1B2C3D4E5F6G7H8I9J0K1L2 /* MGLinkerApp.swift in Sources */,
				A1B2C3D4E5F6G7H8I9J0K1L6 /* VehicleModels.swift in Sources */,
				A1B2C3D4E5F6G7H8I9J0K1L8 /* APIService.swift in Sources */,
				A1B2C3D4E5F6G7H8I9J0K1M0 /* VehicleManager.swift in Sources */,
				A1B2C3D4E5F6G7H8I9J0K1M2 /* BluetoothManager.swift in Sources */,
			);
			runOnlyForDeploymentPostprocessing = 0;
		};
		A1B2C3D4E5F6G7H8I9J0K1P3 /* Sources */ = {
			isa = PBXSourcesBuildPhase;
			buildActionMask = 2147483647;
			files = (
				A1B2C3D4E5F6G7H8I9J0K1M4 /* VehicleWidget.swift in Sources */,
			);
			runOnlyForDeploymentPostprocessing = 0;
		};
		A1B2C3D4E5F6G7H8I9J0K1P9 /* Sources */ = {
			isa = PBXSourcesBuildPhase;
			buildActionMask = 2147483647;
			files = (
				A1B2C3D4E5F6G7H8I9J0K1M6 /* LiveActivityData.swift in Sources */,
			);
			runOnlyForDeploymentPostprocessing = 0;
		};
/* End PBXSourcesBuildPhase section */

/* Begin PBXTargetDependency section */
		A1B2C3D4E5F6G7H8I9J0K1P5 /* PBXTargetDependency */ = {
			isa = PBXTargetDependency;
			target = A1B2C3D4E5F6G7H8I9J0K1O6 /* MGLinker */;
			targetProxy = A1B2C3D4E5F6G7H8I9J0K1Q5 /* PBXContainerItemProxy */;
		};
		A1B2C3D4E5F6G7H8I9J0K1Q1 /* PBXTargetDependency */ = {
			isa = PBXTargetDependency;
			target = A1B2C3D4E5F6G7H8I9J0K1O6 /* MGLinker */;
			targetProxy = A1B2C3D4E5F6G7H8I9J0K1Q6 /* PBXContainerItemProxy */;
		};
/* End PBXTargetDependency section */

/* Begin PBXVariantGroup section */
/* End PBXVariantGroup section */

/* Begin XCBuildConfiguration section */
		A1B2C3D4E5F6G7H8I9J0K1Q7 /* Debug */ = {
			isa = XCBuildConfiguration;
			buildSettings = {
				ALWAYS_SEARCH_USER_PATHS = NO;
				ASSETCATALOG_COMPILER_GENERATE_SWIFT_ASSET_SYMBOL_EXTENSIONS = YES;
				CLANG_ANALYZER_NONNULL = YES;
				CLANG_ANALYZER_NUMBER_OBJECT_CONVERSION = YES_AGGRESSIVE;
				CLANG_CXX_LANGUAGE_STANDARD = "gnu++20";
				CLANG_ENABLE_MODULES = YES;
				CLANG_ENABLE_OBJC_ARC = YES;
				CLANG_ENABLE_OBJC_WEAK = YES;
				CLANG_WARN_BLOCK_CAPTURE_AUTORELEASING = YES;
				CLANG_WARN_BOOL_CONVERSION = YES;
				CLANG_WARN_COMMA = YES;
				CLANG_WARN_CONSTANT_CONVERSION = YES;
				CLANG_WARN_DEPRECATED_OBJC_IMPLEMENTATIONS = YES;
				CLANG_WARN_DIRECT_OBJC_ISA_USAGE = YES_ERROR;
				CLANG_WARN_DOCUMENTATION_COMMENTS = YES;
				CLANG_WARN_EMPTY_BODY = YES;
				CLANG_WARN_ENUM_CONVERSION = YES;
				CLANG_WARN_INFINITE_RECURSION = YES;
				CLANG_WARN_INT_CONVERSION = YES;
				CLANG_WARN_NON_LITERAL_NULL_CONVERSION = YES;
				CLANG_WARN_OBJC_IMPLICIT_RETAIN_SELF = YES;
				CLANG_WARN_OBJC_LITERAL_CONVERSION = YES;
				CLANG_WARN_OBJC_ROOT_CLASS = YES_ERROR;
				CLANG_WARN_QUOTED_INCLUDE_IN_FRAMEWORK_HEADER = YES;
				CLANG_WARN_RANGE_LOOP_ANALYSIS = YES;
				CLANG_WARN_STRICT_PROTOTYPES = YES;
				CLANG_WARN_SUSPICIOUS_MOVE = YES;
				CLANG_WARN_UNGUARDED_AVAILABILITY = YES_AGGRESSIVE;
				CLANG_WARN_UNREACHABLE_CODE = YES;
				CLANG_WARN__DUPLICATE_METHOD_MATCH = YES;
				COPY_PHASE_STRIP = NO;
				DEBUG_INFORMATION_FORMAT = dwarf;
				ENABLE_STRICT_OBJC_MSGSEND = YES;
				ENABLE_TESTABILITY = YES;
				ENABLE_USER_SCRIPT_SANDBOXING = YES;
				GCC_C_LANGUAGE_STANDARD = gnu17;
				GCC_DYNAMIC_NO_PIC = NO;
				GCC_NO_COMMON_BLOCKS = YES;
				GCC_OPTIMIZATION_LEVEL = 0;
				GCC_PREPROCESSOR_DEFINITIONS = (
					"DEBUG=1",
					"$(inherited)",
				);
				GCC_WARN_64_TO_32_BIT_CONVERSION = YES;
				GCC_WARN_ABOUT_RETURN_TYPE = YES_ERROR;
				GCC_WARN_UNDECLARED_SELECTOR = YES;
				GCC_WARN_UNINITIALIZED_AUTOS = YES_AGGRESSIVE;
				GCC_WARN_UNUSED_FUNCTION = YES;
				GCC_WARN_UNUSED_VARIABLE = YES;
				IPHONEOS_DEPLOYMENT_TARGET = 16.0;
				MTL_ENABLE_DEBUG_INFO = INCLUDE_SOURCE;
				MTL_FAST_MATH = YES;
				ONLY_ACTIVE_ARCH = YES;
				SDKROOT = iphoneos;
				SWIFT_ACTIVE_COMPILATION_CONDITIONS = "DEBUG $(inherited)";
				SWIFT_OPTIMIZATION_LEVEL = "-Onone";
			};
			name = Debug;
		};
		A1B2C3D4E5F6G7H8I9J0K1Q8 /* Release */ = {
			isa = XCBuildConfiguration;
			buildSettings = {
				ALWAYS_SEARCH_USER_PATHS = NO;
				ASSETCATALOG_COMPILER_GENERATE_SWIFT_ASSET_SYMBOL_EXTENSIONS = YES;
				CLANG_ANALYZER_NONNULL = YES;
				CLANG_ANALYZER_NUMBER_OBJECT_CONVERSION = YES_AGGRESSIVE;
				CLANG_CXX_LANGUAGE_STANDARD = "gnu++20";
				CLANG_ENABLE_MODULES = YES;
				CLANG_ENABLE_OBJC_ARC = YES;
				CLANG_ENABLE_OBJC_WEAK = YES;
				CLANG_WARN_BLOCK_CAPTURE_AUTORELEASING = YES;
				CLANG_WARN_BOOL_CONVERSION = YES;
				CLANG_WARN_COMMA = YES;
				CLANG_WARN_CONSTANT_CONVERSION = YES;
				CLANG_WARN_DEPRECATED_OBJC_IMPLEMENTATIONS = YES;
				CLANG_WARN_DIRECT_OBJC_ISA_USAGE = YES_ERROR;
				CLANG_WARN_DOCUMENTATION_COMMENTS = YES;
				CLANG_WARN_EMPTY_BODY = YES;
				CLANG_WARN_ENUM_CONVERSION = YES;
				CLANG_WARN_INFINITE_RECURSION = YES;
				CLANG_WARN_INT_CONVERSION = YES;
				CLANG_WARN_NON_LITERAL_NULL_CONVERSION = YES;
				CLANG_WARN_OBJC_IMPLICIT_RETAIN_SELF = YES;
				CLANG_WARN_OBJC_LITERAL_CONVERSION = YES;
				CLANG_WARN_OBJC_ROOT_CLASS = YES_ERROR;
				CLANG_WARN_QUOTED_INCLUDE_IN_FRAMEWORK_HEADER = YES;
				CLANG_WARN_RANGE_LOOP_ANALYSIS = YES;
				CLANG_WARN_STRICT_PROTOTYPES = YES;
				CLANG_WARN_SUSPICIOUS_MOVE = YES;
				CLANG_WARN_UNGUARDED_AVAILABILITY = YES_AGGRESSIVE;
				CLANG_WARN_UNREACHABLE_CODE = YES;
				CLANG_WARN__DUPLICATE_METHOD_MATCH = YES;
				COPY_PHASE_STRIP = NO;
				DEBUG_INFORMATION_FORMAT = "dwarf-with-dsym";
				ENABLE_NS_ASSERTIONS = NO;
				ENABLE_STRICT_OBJC_MSGSEND = YES;
				ENABLE_USER_SCRIPT_SANDBOXING = YES;
				GCC_C_LANGUAGE_STANDARD = gnu17;
				GCC_NO_COMMON_BLOCKS = YES;
				GCC_WARN_64_TO_32_BIT_CONVERSION = YES;
				GCC_WARN_ABOUT_RETURN_TYPE = YES_ERROR;
				GCC_WARN_UNDECLARED_SELECTOR = YES;
				GCC_WARN_UNINITIALIZED_AUTOS = YES_AGGRESSIVE;
				GCC_WARN_UNUSED_FUNCTION = YES;
				GCC_WARN_UNUSED_VARIABLE = YES;
				IPHONEOS_DEPLOYMENT_TARGET = 16.0;
				MTL_FAST_MATH = YES;
				SDKROOT = iphoneos;
				SWIFT_COMPILATION_MODE = wholemodule;
				VALIDATE_PRODUCT = YES;
			};
			name = Release;
		};
		A1B2C3D4E5F6G7H8I9J0K1Q9 /* Debug */ = {
			isa = XCBuildConfiguration;
			buildSettings = {
				ASSETCATALOG_COMPILER_APPICON_NAME = AppIcon;
				ASSETCATALOG_COMPILER_GLOBAL_ACCENT_COLOR_NAME = AccentColor;
				CODE_SIGN_STYLE = Automatic;
				CURRENT_PROJECT_VERSION = 1;
				DEVELOPMENT_TEAM = "";
				GENERATE_INFOPLIST_FILE = YES;
				INFOPLIST_FILE = MGLinker/App/Info.plist;
				INFOPLIST_KEY_CFBundleDisplayName = "MG Linker";
				INFOPLIST_KEY_UIApplicationSupportsIndirectInputEvents = YES;
				INFOPLIST_KEY_UILaunchStoryboardName = LaunchScreen;
				INFOPLIST_KEY_UISupportedInterfaceOrientations = "UIInterfaceOrientationPortrait UIInterfaceOrientationLandscapeLeft UIInterfaceOrientationLandscapeRight";
				LD_RUNPATH_SEARCH_PATHS = (
					"$(inherited)",
					"@executable_path/Frameworks",
				);
				MARKETING_VERSION = 1.0;
				PRODUCT_BUNDLE_IDENTIFIER = com.mglinker.app;
				PRODUCT_NAME = "$(TARGET_NAME)";
				SWIFT_EMIT_LOC_STRINGS = YES;
				SWIFT_VERSION = 5.0;
				TARGETED_DEVICE_FAMILY = "1,2";
			};
			name = Debug;
		};
		A1B2C3D4E5F6G7H8I9J0K1R0 /* Release */ = {
			isa = XCBuildConfiguration;
			buildSettings = {
				ASSETCATALOG_COMPILER_APPICON_NAME = AppIcon;
				ASSETCATALOG_COMPILER_GLOBAL_ACCENT_COLOR_NAME = AccentColor;
				CODE_SIGN_STYLE = Automatic;
				CURRENT_PROJECT_VERSION = 1;
				DEVELOPMENT_TEAM = "";
				GENERATE_INFOPLIST_FILE = YES;
				INFOPLIST_FILE = MGLinker/App/Info.plist;
				INFOPLIST_KEY_CFBundleDisplayName = "MG Linker";
				INFOPLIST_KEY_UIApplicationSupportsIndirectInputEvents = YES;
				INFOPLIST_KEY_UILaunchStoryboardName = LaunchScreen;
				INFOPLIST_KEY_UISupportedInterfaceOrientations = "UIInterfaceOrientationPortrait UIInterfaceOrientationLandscapeLeft UIInterfaceOrientationLandscapeRight";
				LD_RUNPATH_SEARCH_PATHS = (
					"$(inherited)",
					"@executable_path/Frameworks",
				);
				MARKETING_VERSION = 1.0;
				PRODUCT_BUNDLE_IDENTIFIER = com.mglinker.app;
				PRODUCT_NAME = "$(TARGET_NAME)";
				SWIFT_EMIT_LOC_STRINGS = YES;
				SWIFT_VERSION = 5.0;
				TARGETED_DEVICE_FAMILY = "1,2";
			};
			name = Release;
		};
		A1B2C3D4E5F6G7H8I9J0K1R1 /* Debug */ = {
			isa = XCBuildConfiguration;
			buildSettings = {
				CODE_SIGN_STYLE = Automatic;
				CURRENT_PROJECT_VERSION = 1;
				DEVELOPMENT_TEAM = "";
				GENERATE_INFOPLIST_FILE = YES;
				INFOPLIST_FILE = MGLinkerWidget/Info.plist;
				INFOPLIST_KEY_CFBundleDisplayName = "MG Linker Widget";
				LD_RUNPATH_SEARCH_PATHS = (
					"$(inherited)",
					"@executable_path/Frameworks",
					"@executable_path/../../Frameworks",
				);
				MARKETING_VERSION = 1.0;
				PRODUCT_BUNDLE_IDENTIFIER = com.mglinker.app.widget;
				PRODUCT_NAME = "$(TARGET_NAME)";
				SWIFT_EMIT_LOC_STRINGS = NO;
				SWIFT_VERSION = 5.0;
				TARGETED_DEVICE_FAMILY = "1,2";
			};
			name = Debug;
		};
		A1B2C3D4E5F6G7H8I9J0K1R2 /* Release */ = {
			isa = XCBuildConfiguration;
			buildSettings = {
				CODE_SIGN_STYLE = Automatic;
				CURRENT_PROJECT_VERSION = 1;
				DEVELOPMENT_TEAM = "";
				GENERATE_INFOPLIST_FILE = YES;
				INFOPLIST_FILE = MGLinkerWidget/Info.plist;
				INFOPLIST_KEY_CFBundleDisplayName = "MG Linker Widget";
				LD_RUNPATH_SEARCH_PATHS = (
					"$(inherited)",
					"@executable_path/Frameworks",
					"@executable_path/../../Frameworks",
				);
				MARKETING_VERSION = 1.0;
				PRODUCT_BUNDLE_IDENTIFIER = com.mglinker.app.widget;
				PRODUCT_NAME = "$(TARGET_NAME)";
				SWIFT_EMIT_LOC_STRINGS = NO;
				SWIFT_VERSION = 5.0;
				TARGETED_DEVICE_FAMILY = "1,2";
			};
			name = Release;
		};
		A1B2C3D4E5F6G7H8I9J0K1R3 /* Debug */ = {
			isa = XCBuildConfiguration;
			buildSettings = {
				CODE_SIGN_STYLE = Automatic;
				CURRENT_PROJECT_VERSION = 1;
				DEVELOPMENT_TEAM = "";
				GENERATE_INFOPLIST_FILE = YES;
				INFOPLIST_FILE = MGLinkerLiveActivity/Info.plist;
				INFOPLIST_KEY_CFBundleDisplayName = "MG Linker Live Activity";
				LD_RUNPATH_SEARCH_PATHS = (
					"$(inherited)",
					"@executable_path/Frameworks",
					"@executable_path/../../Frameworks",
				);
				MARKETING_VERSION = 1.0;
				PRODUCT_BUNDLE_IDENTIFIER = com.mglinker.app.liveactivity;
				PRODUCT_NAME = "$(TARGET_NAME)";
				SWIFT_EMIT_LOC_STRINGS = NO;
				SWIFT_VERSION = 5.0;
				TARGETED_DEVICE_FAMILY = "1,2";
			};
			name = Debug;
		};
		A1B2C3D4E5F6G7H8I9J0K1R4 /* Release */ = {
			isa = XCBuildConfiguration;
			buildSettings = {
				CODE_SIGN_STYLE = Automatic;
				CURRENT_PROJECT_VERSION = 1;
				DEVELOPMENT_TEAM = "";
				GENERATE_INFOPLIST_FILE = YES;
				INFOPLIST_FILE = MGLinkerLiveActivity/Info.plist;
				INFOPLIST_KEY_CFBundleDisplayName = "MG Linker Live Activity";
				LD_RUNPATH_SEARCH_PATHS = (
					"$(inherited)",
					"@executable_path/Frameworks",
					"@executable_path/../../Frameworks",
				);
				MARKETING_VERSION = 1.0;
				PRODUCT_BUNDLE_IDENTIFIER = com.mglinker.app.liveactivity;
				PRODUCT_NAME = "$(TARGET_NAME)";
				SWIFT_EMIT_LOC_STRINGS = NO;
				SWIFT_VERSION = 5.0;
				TARGETED_DEVICE_FAMILY = "1,2";
			};
			name = Release;
		};
/* End XCBuildConfiguration section */

/* Begin XCConfigurationList section */
		A1B2C3D4E5F6G7H8I9J0K1Q4 /* Build configuration list for PBXProject "MGLinker" */ = {
			isa = XCConfigurationList;
			buildConfigurations = (
				A1B2C3D4E5F6G7H8I9J0K1Q7 /* Debug */,
				A1B2C3D4E5F6G7H8I9J0K1Q8 /* Release */,
			);
			defaultConfigurationIsVisible = 0;
			defaultConfigurationName = Release;
		};
		A1B2C3D4E5F6G7H8I9J0K1O7 /* Build configuration list for PBXNativeTarget "MGLinker" */ = {
			isa = XCConfigurationList;
			buildConfigurations = (
				A1B2C3D4E5F6G7H8I9J0K1Q9 /* Debug */,
				A1B2C3D4E5F6G7H8I9J0K1R0 /* Release */,
			);
			defaultConfigurationIsVisible = 0;
			defaultConfigurationName = Release;
		};
		A1B2C3D4E5F6G7H8I9J0K1P2 /* Build configuration list for PBXNativeTarget "MGLinkerWidget" */ = {
			isa = XCConfigurationList;
			buildConfigurations = (
				A1B2C3D4E5F6G7H8I9J0K1R1 /* Debug */,
				A1B2C3D4E5F6G7H8I9J0K1R2 /* Release */,
			);
			defaultConfigurationIsVisible = 0;
			defaultConfigurationName = Release;
		};
		A1B2C3D4E5F6G7H8I9J0K1P8 /* Build configuration list for PBXNativeTarget "MGLinkerLiveActivity" */ = {
			isa = XCConfigurationList;
			buildConfigurations = (
				A1B2C3D4E5F6G7H8I9J0K1R3 /* Debug */,
				A1B2C3D4E5F6G7H8I9J0K1R4 /* Release */,
			);
			defaultConfigurationIsVisible = 0;
			defaultConfigurationName = Release;
		};
/* End XCConfigurationList section */

/* Begin XCRemoteSwiftPackageReference section */
/* End XCRemoteSwiftPackageReference section */

/* Begin XCSwiftPackageProductDependency section */
/* End XCSwiftPackageProductDependency section */
	};
	rootObject = A1B2C3D4E5F6G7H8I9J0K1Q3 /* Project object */;
}